
Microsoft Visual Studio Solution File, Format Version 12.00
# Visual Studio Version 17
VisualStudioVersion = 17.0.31903.59
MinimumVisualStudioVersion = 10.0.40219.1
Project("{FAE04EC0-301F-11D3-BF4B-00C04F79EFBC}") = "EncryptionLibrary", "EncryptionLibrary\EncryptionLibrary.csproj", "{D6E79BF9-E2E8-4412-90EB-2436BA31DCB2}"
EndProject
Project("{FAE04EC0-301F-11D3-BF4B-00C04F79EFBC}") = "LoginLibrary", "LoginLibrary\LoginLibrary.csproj", "{519FA1B3-760B-410B-AF6B-86B8760B0CEE}"
EndProject
Project("{FAE04EC0-301F-11D3-BF4B-00C04F79EFBC}") = "Application", "Application\Application.csproj", "{D818606B-BF52-4D2B-88EC-3CFFB85FBB2C}"
EndProject
Global
	GlobalSection(SolutionConfigurationPlatforms) = preSolution
		Debug|Any CPU = Debug|Any CPU
		Release|Any CPU = Release|Any CPU
	EndGlobalSection
	GlobalSection(SolutionProperties) = preSolution
		HideSolutionNode = FALSE
	EndGlobalSection
	GlobalSection(ProjectConfigurationPlatforms) = postSolution
		{D6E79BF9-E2E8-4412-90EB-2436BA31DCB2}.Debug|Any CPU.ActiveCfg = Debug|Any CPU
		{D6E79BF9-E2E8-4412-90EB-2436BA31DCB2}.Debug|Any CPU.Build.0 = Debug|Any CPU
		{D6E79BF9-E2E8-4412-90EB-2436BA31DCB2}.Release|Any CPU.ActiveCfg = Release|Any CPU
		{D6E79BF9-E2E8-4412-90EB-2436BA31DCB2}.Release|Any CPU.Build.0 = Release|Any CPU
		{519FA1B3-760B-410B-AF6B-86B8760B0CEE}.Debug|Any CPU.ActiveCfg = Debug|Any CPU
		{519FA1B3-760B-410B-AF6B-86B8760B0CEE}.Debug|Any CPU.Build.0 = Debug|Any CPU
		{519FA1B3-760B-410B-AF6B-86B8760B0CEE}.Release|Any CPU.ActiveCfg = Release|Any CPU
		{519FA1B3-760B-410B-AF6B-86B8760B0CEE}.Release|Any CPU.Build.0 = Release|Any CPU
		{D818606B-BF52-4D2B-88EC-3CFFB85FBB2C}.Debug|Any CPU.ActiveCfg = Debug|Any CPU
		{D818606B-BF52-4D2B-88EC-3CFFB85FBB2C}.Debug|Any CPU.Build.0 = Debug|Any CPU
		{D818606B-BF52-4D2B-88EC-3CFFB85FBB2C}.Release|Any CPU.ActiveCfg = Release|Any CPU
		{D818606B-BF52-4D2B-88EC-3CFFB85FBB2C}.Release|Any CPU.Build.0 = Release|Any CPU
	EndGlobalSection
EndGlobal
